
Microsoft Visual Studio Solution File, Format Version 12.00
# Visual Studio Version 17
VisualStudioVersion = 17.10.35027.167
MinimumVisualStudioVersion = 10.0.40219.1
Project("{FAE04EC0-301F-11D3-BF4B-00C04F79EFBC}") = "Task1Api", "Task1Api\Task1Api.csproj", "{B411D05D-4262-484B-B608-FD1090C51682}"
EndProject
Global
	GlobalSection(SolutionConfigurationPlatforms) = preSolution
		Debug|Any CPU = Debug|Any CPU
		Release|Any CPU = Release|Any CPU
	EndGlobalSection
	GlobalSection(ProjectConfigurationPlatforms) = postSolution
		{B411D05D-4262-484B-B608-FD1090C51682}.Debug|Any CPU.ActiveCfg = Debug|Any CPU
		{B411D05D-4262-484B-B608-FD1090C51682}.Debug|Any CPU.Build.0 = Debug|Any CPU
		{B411D05D-4262-484B-B608-FD1090C51682}.Release|Any CPU.ActiveCfg = Release|Any CPU
		{B411D05D-4262-484B-B608-FD1090C51682}.Release|Any CPU.Build.0 = Release|Any CPU
	EndGlobalSection
	GlobalSection(SolutionProperties) = preSolution
		HideSolutionNode = FALSE
	EndGlobalSection
	GlobalSection(ExtensibilityGlobals) = postSolution
		SolutionGuid = {0C2613E7-0D8D-4628-831E-EDC885470E43}
	EndGlobalSection
EndGlobal
